// !$*UTF8*$!
{
	archiveVersion = 1;
	classes = {
	};
	objectVersion = 56;
	objects = {

/* Begin PBXBuildFile section */
		A20000000000000000000001 /* BackpocketApp.swift in Sources */ = {isa = PBXBuildFile; fileRef = A10000000000000000000001 /* BackpocketApp.swift */; };
		A20000000000000000000002 /* Models.swift in Sources */ = {isa = PBXBuildFile; fileRef = A10000000000000000000002 /* Models.swift */; };
		A20000000000000000000003 /* Fuzzy.swift in Sources */ = {isa = PBXBuildFile; fileRef = A10000000000000000000003 /* Fuzzy.swift */; };
		A20000000000000000000004 /* DoubleTap.swift in Sources */ = {isa = PBXBuildFile; fileRef = A10000000000000000000004 /* DoubleTap.swift */; };
		A20000000000000000000005 /* CaretLocator.swift in Sources */ = {isa = PBXBuildFile; fileRef = A10000000000000000000005 /* CaretLocator.swift */; };
		A20000000000000000000006 /* Typer.swift in Sources */ = {isa = PBXBuildFile; fileRef = A10000000000000000000006 /* Typer.swift */; };
		A20000000000000000000007 /* PaletteController.swift in Sources */ = {isa = PBXBuildFile; fileRef = A10000000000000000000007 /* PaletteController.swift */; };
		A20000000000000000000008 /* PaletteView.swift in Sources */ = {isa = PBXBuildFile; fileRef = A10000000000000000000008 /* PaletteView.swift */; };
		A20000000000000000000009 /* SettingsView.swift in Sources */ = {isa = PBXBuildFile; fileRef = A10000000000000000000009 /* SettingsView.swift */; };
		A2000000000000000000000A /* BPLog.swift in Sources */ = {isa = PBXBuildFile; fileRef = A1000000000000000000000A /* BPLog.swift */; };
		A2000000000000000000000B /* Auth.swift in Sources */ = {isa = PBXBuildFile; fileRef = A1000000000000000000000B /* Auth.swift */; };
		A2000000000000000000000D /* Placeholders.swift in Sources */ = {isa = PBXBuildFile; fileRef = A1000000000000000000000D /* Placeholders.swift */; };
		A2000000000000000000000F /* LicenseManager.swift in Sources */ = {isa = PBXBuildFile; fileRef = A1000000000000000000000F /* LicenseManager.swift */; };
		A20000000000000000000012 /* Capture.swift in Sources */ = {isa = PBXBuildFile; fileRef = A10000000000000000000012 /* Capture.swift */; };
		A20000000000000000000013 /* OnboardingView.swift in Sources */ = {isa = PBXBuildFile; fileRef = A10000000000000000000013 /* OnboardingView.swift */; };
		A20000000000000000000015 /* Permissions.swift in Sources */ = {isa = PBXBuildFile; fileRef = A10000000000000000000015 /* Permissions.swift */; };
		A20000000000000000000016 /* Pasteboard.swift in Sources */ = {isa = PBXBuildFile; fileRef = A10000000000000000000016 /* Pasteboard.swift */; };
		A20000000000000000000017 /* Vault.swift in Sources */ = {isa = PBXBuildFile; fileRef = A10000000000000000000017 /* Vault.swift */; };
		A20000000000000000000018 /* Updater.swift in Sources */ = {isa = PBXBuildFile; fileRef = A10000000000000000000018 /* Updater.swift */; };
		A2000000000000000000001A /* Backup.swift in Sources */ = {isa = PBXBuildFile; fileRef = A1000000000000000000001A /* Backup.swift */; };
		A20000000000000000000019 /* Assets.xcassets in Resources */ = {isa = PBXBuildFile; fileRef = A10000000000000000000019 /* Assets.xcassets */; };
		A2000000000000000000001B /* icon.icon in Resources */ = {isa = PBXBuildFile; fileRef = A1000000000000000000001B /* icon.icon */; };
		A2000000000000000000001C /* LicenseCard.metal in Sources */ = {isa = PBXBuildFile; fileRef = A1000000000000000000001C /* LicenseCard.metal */; };
		A2000000000000000000000E /* Sparkle in Frameworks */ = {isa = PBXBuildFile; productRef = A90000000000000000000002 /* Sparkle */; };
/* End PBXBuildFile section */

/* Begin PBXFileReference section */
		A10000000000000000000001 /* BackpocketApp.swift */ = {isa = PBXFileReference; lastKnownFileType = sourcecode.swift; path = BackpocketApp.swift; sourceTree = "<group>"; };
		A10000000000000000000002 /* Models.swift */ = {isa = PBXFileReference; lastKnownFileType = sourcecode.swift; path = Models.swift; sourceTree = "<group>"; };
		A10000000000000000000003 /* Fuzzy.swift */ = {isa = PBXFileReference; lastKnownFileType = sourcecode.swift; path = Fuzzy.swift; sourceTree = "<group>"; };
		A10000000000000000000004 /* DoubleTap.swift */ = {isa = PBXFileReference; lastKnownFileType = sourcecode.swift; path = DoubleTap.swift; sourceTree = "<group>"; };
		A10000000000000000000005 /* CaretLocator.swift */ = {isa = PBXFileReference; lastKnownFileType = sourcecode.swift; path = CaretLocator.swift; sourceTree = "<group>"; };
		A10000000000000000000006 /* Typer.swift */ = {isa = PBXFileReference; lastKnownFileType = sourcecode.swift; path = Typer.swift; sourceTree = "<group>"; };
		A10000000000000000000007 /* PaletteController.swift */ = {isa = PBXFileReference; lastKnownFileType = sourcecode.swift; path = PaletteController.swift; sourceTree = "<group>"; };
		A10000000000000000000008 /* PaletteView.swift */ = {isa = PBXFileReference; lastKnownFileType = sourcecode.swift; path = PaletteView.swift; sourceTree = "<group>"; };
		A10000000000000000000009 /* SettingsView.swift */ = {isa = PBXFileReference; lastKnownFileType = sourcecode.swift; path = SettingsView.swift; sourceTree = "<group>"; };
		A1000000000000000000000A /* BPLog.swift */ = {isa = PBXFileReference; lastKnownFileType = sourcecode.swift; path = BPLog.swift; sourceTree = "<group>"; };
		A1000000000000000000000B /* Auth.swift */ = {isa = PBXFileReference; lastKnownFileType = sourcecode.swift; path = Auth.swift; sourceTree = "<group>"; };
		A1000000000000000000000C /* Backpocket.entitlements */ = {isa = PBXFileReference; lastKnownFileType = text.plist.entitlements; path = Backpocket.entitlements; sourceTree = "<group>"; };
		A1000000000000000000000D /* Placeholders.swift */ = {isa = PBXFileReference; lastKnownFileType = sourcecode.swift; path = Placeholders.swift; sourceTree = "<group>"; };
		A1000000000000000000000F /* LicenseManager.swift */ = {isa = PBXFileReference; lastKnownFileType = sourcecode.swift; path = LicenseManager.swift; sourceTree = "<group>"; };
		A10000000000000000000010 /* Info.plist */ = {isa = PBXFileReference; lastKnownFileType = text.plist.xml; path = Info.plist; sourceTree = "<group>"; };
		A10000000000000000000012 /* Capture.swift */ = {isa = PBXFileReference; lastKnownFileType = sourcecode.swift; path = Capture.swift; sourceTree = "<group>"; };
		A10000000000000000000013 /* OnboardingView.swift */ = {isa = PBXFileReference; lastKnownFileType = sourcecode.swift; path = OnboardingView.swift; sourceTree = "<group>"; };
		A10000000000000000000015 /* Permissions.swift */ = {isa = PBXFileReference; lastKnownFileType = sourcecode.swift; path = Permissions.swift; sourceTree = "<group>"; };
		A10000000000000000000016 /* Pasteboard.swift */ = {isa = PBXFileReference; lastKnownFileType = sourcecode.swift; path = Pasteboard.swift; sourceTree = "<group>"; };
		A10000000000000000000017 /* Vault.swift */ = {isa = PBXFileReference; lastKnownFileType = sourcecode.swift; path = Vault.swift; sourceTree = "<group>"; };
		A10000000000000000000018 /* Updater.swift */ = {isa = PBXFileReference; lastKnownFileType = sourcecode.swift; path = Updater.swift; sourceTree = "<group>"; };
		A1000000000000000000001A /* Backup.swift */ = {isa = PBXFileReference; lastKnownFileType = sourcecode.swift; path = Backup.swift; sourceTree = "<group>"; };
		A10000000000000000000019 /* Assets.xcassets */ = {isa = PBXFileReference; lastKnownFileType = folder.assetcatalog; path = Assets.xcassets; sourceTree = "<group>"; };
		A1000000000000000000001B /* icon.icon */ = {isa = PBXFileReference; lastKnownFileType = folder.iconcomposer.icon; path = Icon/icon.icon; sourceTree = SOURCE_ROOT; };
		A1000000000000000000001C /* LicenseCard.metal */ = {isa = PBXFileReference; lastKnownFileType = sourcecode.metal; path = LicenseCard.metal; sourceTree = "<group>"; };
		A10000000000000000000011 /* Backpocket.app */ = {isa = PBXFileReference; explicitFileType = wrapper.application; includeInIndex = 0; path = Backpocket.app; sourceTree = BUILT_PRODUCTS_DIR; };
/* End PBXFileReference section */

/* Begin PBXFrameworksBuildPhase section */
		A40000000000000000000002 /* Frameworks */ = {
			isa = PBXFrameworksBuildPhase;
			buildActionMask = 2147483647;
			files = (
				A2000000000000000000000E /* Sparkle in Frameworks */,
			);
			runOnlyForDeploymentPostprocessing = 0;
		};
/* End PBXFrameworksBuildPhase section */

/* Begin PBXGroup section */
		A30000000000000000000001 = {
			isa = PBXGroup;
			children = (
				A30000000000000000000002 /* Backpocket */,
				A1000000000000000000001B /* icon.icon */,
				A30000000000000000000003 /* Products */,
			);
			sourceTree = "<group>";
		};
		A30000000000000000000002 /* Backpocket */ = {
			isa = PBXGroup;
			children = (
				A10000000000000000000001 /* BackpocketApp.swift */,
				A10000000000000000000002 /* Models.swift */,
				A10000000000000000000003 /* Fuzzy.swift */,
				A10000000000000000000004 /* DoubleTap.swift */,
				A10000000000000000000005 /* CaretLocator.swift */,
				A10000000000000000000006 /* Typer.swift */,
				A10000000000000000000007 /* PaletteController.swift */,
				A10000000000000000000008 /* PaletteView.swift */,
				A10000000000000000000009 /* SettingsView.swift */,
				A1000000000000000000001C /* LicenseCard.metal */,
				A10000000000000000000013 /* OnboardingView.swift */,
				A1000000000000000000000A /* BPLog.swift */,
				A1000000000000000000000B /* Auth.swift */,
				A10000000000000000000015 /* Permissions.swift */,
				A10000000000000000000016 /* Pasteboard.swift */,
				A10000000000000000000017 /* Vault.swift */,
				A10000000000000000000018 /* Updater.swift */,
				A1000000000000000000001A /* Backup.swift */,
				A10000000000000000000019 /* Assets.xcassets */,
				A10000000000000000000012 /* Capture.swift */,
				A1000000000000000000000D /* Placeholders.swift */,
				A1000000000000000000000F /* LicenseManager.swift */,
				A1000000000000000000000C /* Backpocket.entitlements */,
				A10000000000000000000010 /* Info.plist */,
			);
			path = Backpocket;
			sourceTree = "<group>";
		};
		A30000000000000000000003 /* Products */ = {
			isa = PBXGroup;
			children = (
				A10000000000000000000011 /* Backpocket.app */,
			);
			name = Products;
			sourceTree = "<group>";
		};
/* End PBXGroup section */

/* Begin PBXNativeTarget section */
		A50000000000000000000001 /* Backpocket */ = {
			isa = PBXNativeTarget;
			buildConfigurationList = A80000000000000000000002 /* Build configuration list for PBXNativeTarget "Backpocket" */;
			buildPhases = (
				A40000000000000000000001 /* Sources */,
				A40000000000000000000002 /* Frameworks */,
				A40000000000000000000003 /* Resources */,
			);
			buildRules = (
			);
			dependencies = (
			);
			name = Backpocket;
			packageProductDependencies = (
				A90000000000000000000002 /* Sparkle */,
			);
			productName = Backpocket;
			productReference = A10000000000000000000011 /* Backpocket.app */;
			productType = "com.apple.product-type.application";
		};
/* End PBXNativeTarget section */

/* Begin PBXProject section */
		A60000000000000000000001 /* Project object */ = {
			isa = PBXProject;
			attributes = {
				BuildIndependentTargetsInParallel = 1;
				LastUpgradeCheck = 2600;
				TargetAttributes = {
					A50000000000000000000001 = {
						CreatedOnToolsVersion = 26.0;
					};
				};
			};
			buildConfigurationList = A80000000000000000000001 /* Build configuration list for PBXProject "Backpocket" */;
			compatibilityVersion = "Xcode 14.0";
			developmentRegion = en;
			hasScannedForEncodings = 0;
			knownRegions = (
				en,
				Base,
			);
			mainGroup = A30000000000000000000001;
			packageReferences = (
				A90000000000000000000001 /* XCRemoteSwiftPackageReference "Sparkle" */,
			);
			productRefGroup = A30000000000000000000003 /* Products */;
			projectDirPath = "";
			projectRoot = "";
			targets = (
				A50000000000000000000001 /* Backpocket */,
			);
		};
/* End PBXProject section */

/* Begin PBXResourcesBuildPhase section */
		A40000000000000000000003 /* Resources */ = {
			isa = PBXResourcesBuildPhase;
			buildActionMask = 2147483647;
			files = (
				A20000000000000000000019 /* Assets.xcassets in Resources */,
				A2000000000000000000001B /* icon.icon in Resources */,
			);
			runOnlyForDeploymentPostprocessing = 0;
		};
/* End PBXResourcesBuildPhase section */

/* Begin PBXSourcesBuildPhase section */
		A40000000000000000000001 /* Sources */ = {
			isa = PBXSourcesBuildPhase;
			buildActionMask = 2147483647;
			files = (
				A20000000000000000000001 /* BackpocketApp.swift in Sources */,
				A20000000000000000000002 /* Models.swift in Sources */,
				A20000000000000000000003 /* Fuzzy.swift in Sources */,
				A20000000000000000000004 /* DoubleTap.swift in Sources */,
				A20000000000000000000005 /* CaretLocator.swift in Sources */,
				A20000000000000000000006 /* Typer.swift in Sources */,
				A20000000000000000000007 /* PaletteController.swift in Sources */,
				A20000000000000000000008 /* PaletteView.swift in Sources */,
				A20000000000000000000009 /* SettingsView.swift in Sources */,
				A2000000000000000000001C /* LicenseCard.metal in Sources */,
				A20000000000000000000013 /* OnboardingView.swift in Sources */,
				A2000000000000000000000A /* BPLog.swift in Sources */,
				A2000000000000000000000B /* Auth.swift in Sources */,
				A20000000000000000000015 /* Permissions.swift in Sources */,
				A20000000000000000000016 /* Pasteboard.swift in Sources */,
				A20000000000000000000017 /* Vault.swift in Sources */,
				A20000000000000000000018 /* Updater.swift in Sources */,
				A2000000000000000000001A /* Backup.swift in Sources */,
				A20000000000000000000012 /* Capture.swift in Sources */,
				A2000000000000000000000D /* Placeholders.swift in Sources */,
				A2000000000000000000000F /* LicenseManager.swift in Sources */,
			);
			runOnlyForDeploymentPostprocessing = 0;
		};
/* End PBXSourcesBuildPhase section */

/* Begin XCBuildConfiguration section */
		A70000000000000000000001 /* Debug */ = {
			isa = XCBuildConfiguration;
			buildSettings = {
				ALWAYS_SEARCH_USER_PATHS = NO;
				CLANG_ENABLE_MODULES = YES;
				CLANG_ENABLE_OBJC_ARC = YES;
				COPY_PHASE_STRIP = NO;
				DEBUG_INFORMATION_FORMAT = dwarf;
				ENABLE_STRICT_OBJC_MSGSEND = YES;
				ENABLE_TESTABILITY = YES;
				GCC_DYNAMIC_NO_PIC = NO;
				GCC_OPTIMIZATION_LEVEL = 0;
				GCC_PREPROCESSOR_DEFINITIONS = (
					"DEBUG=1",
					"$(inherited)",
				);
				MACOSX_DEPLOYMENT_TARGET = 26.0;
				MTL_ENABLE_DEBUG_INFO = INCLUDE_SOURCE;
				ONLY_ACTIVE_ARCH = YES;
				SDKROOT = macosx;
				SWIFT_ACTIVE_COMPILATION_CONDITIONS = "DEBUG $(inherited)";
				SWIFT_OPTIMIZATION_LEVEL = "-Onone";
			};
			name = Debug;
		};
		A70000000000000000000002 /* Release */ = {
			isa = XCBuildConfiguration;
			buildSettings = {
				ALWAYS_SEARCH_USER_PATHS = NO;
				CLANG_ENABLE_MODULES = YES;
				CLANG_ENABLE_OBJC_ARC = YES;
				COPY_PHASE_STRIP = NO;
				DEBUG_INFORMATION_FORMAT = "dwarf-with-dsym";
				ENABLE_NS_ASSERTIONS = NO;
				ENABLE_STRICT_OBJC_MSGSEND = YES;
				MACOSX_DEPLOYMENT_TARGET = 26.0;
				MTL_ENABLE_DEBUG_INFO = NO;
				SDKROOT = macosx;
				SWIFT_COMPILATION_MODE = wholemodule;
				SWIFT_OPTIMIZATION_LEVEL = "-O";
			};
			name = Release;
		};
		A70000000000000000000003 /* Debug */ = {
			isa = XCBuildConfiguration;
			buildSettings = {
				BACKPOCKET_POLAR_API_BASE_URL = "https://api.polar.sh/v1";
				BACKPOCKET_POLAR_CHECKOUT_URL = "https://buy.polar.sh/polar_cl_36BZ6cLy0UzrhGLAGQoXSNhKR9XKJE6DUFHFs0Ww7PE";
				BACKPOCKET_POLAR_LICENSE_BENEFIT_ID = "8c725bcf-1e7f-402b-90c8-19440b7654d2";
				BACKPOCKET_POLAR_ORGANIZATION_ID = "98d75121-191c-4136-aa56-2c7803173973";
				BACKPOCKET_POLAR_PORTAL_URL = "https://polar.sh/g-squared/portal";
				ASSETCATALOG_COMPILER_APPICON_NAME = icon;
				CODE_SIGN_IDENTITY = "Developer ID Application";
				CODE_SIGN_STYLE = Manual;
				PROVISIONING_PROFILE_SPECIFIER = "Backpocket Developer ID";
				COMBINE_HIDPI_IMAGES = YES;
				CODE_SIGN_ENTITLEMENTS = Backpocket/Backpocket.entitlements;
				CURRENT_PROJECT_VERSION = 7;
				DEVELOPMENT_TEAM = S8W699VPD7;
				ENABLE_HARDENED_RUNTIME = YES;
				INFOPLIST_FILE = Backpocket/Info.plist;
				LD_RUNPATH_SEARCH_PATHS = (
					"$(inherited)",
					"@executable_path/../Frameworks",
				);
				MARKETING_VERSION = 1.0.0;
				PRODUCT_BUNDLE_IDENTIFIER = com.backpocket.mac;
				PRODUCT_NAME = "$(TARGET_NAME)";
				SWIFT_VERSION = 5.0;
			};
			name = Debug;
		};
		A70000000000000000000004 /* Release */ = {
			isa = XCBuildConfiguration;
			buildSettings = {
				BACKPOCKET_POLAR_API_BASE_URL = "https://api.polar.sh/v1";
				BACKPOCKET_POLAR_CHECKOUT_URL = "https://buy.polar.sh/polar_cl_36BZ6cLy0UzrhGLAGQoXSNhKR9XKJE6DUFHFs0Ww7PE";
				BACKPOCKET_POLAR_LICENSE_BENEFIT_ID = "8c725bcf-1e7f-402b-90c8-19440b7654d2";
				BACKPOCKET_POLAR_ORGANIZATION_ID = "98d75121-191c-4136-aa56-2c7803173973";
				BACKPOCKET_POLAR_PORTAL_URL = "https://polar.sh/g-squared/portal";
				ASSETCATALOG_COMPILER_APPICON_NAME = icon;
				CODE_SIGN_IDENTITY = "Developer ID Application";
				CODE_SIGN_STYLE = Manual;
				PROVISIONING_PROFILE_SPECIFIER = "Backpocket Developer ID";
				COMBINE_HIDPI_IMAGES = YES;
				CODE_SIGN_ENTITLEMENTS = Backpocket/Backpocket.entitlements;
				CURRENT_PROJECT_VERSION = 7;
				DEVELOPMENT_TEAM = S8W699VPD7;
				ENABLE_HARDENED_RUNTIME = YES;
				INFOPLIST_FILE = Backpocket/Info.plist;
				LD_RUNPATH_SEARCH_PATHS = (
					"$(inherited)",
					"@executable_path/../Frameworks",
				);
				MARKETING_VERSION = 1.0.0;
				PRODUCT_BUNDLE_IDENTIFIER = com.backpocket.mac;
				PRODUCT_NAME = "$(TARGET_NAME)";
				SWIFT_VERSION = 5.0;
			};
			name = Release;
		};
/* End XCBuildConfiguration section */

/* Begin XCConfigurationList section */
		A80000000000000000000001 /* Build configuration list for PBXProject "Backpocket" */ = {
			isa = XCConfigurationList;
			buildConfigurations = (
				A70000000000000000000001 /* Debug */,
				A70000000000000000000002 /* Release */,
			);
			defaultConfigurationIsVisible = 0;
			defaultConfigurationName = Release;
		};
		A80000000000000000000002 /* Build configuration list for PBXNativeTarget "Backpocket" */ = {
			isa = XCConfigurationList;
			buildConfigurations = (
				A70000000000000000000003 /* Debug */,
				A70000000000000000000004 /* Release */,
			);
			defaultConfigurationIsVisible = 0;
			defaultConfigurationName = Release;
		};
/* End XCConfigurationList section */

/* Begin XCRemoteSwiftPackageReference section */
		A90000000000000000000001 /* XCRemoteSwiftPackageReference "Sparkle" */ = {
			isa = XCRemoteSwiftPackageReference;
			repositoryURL = "https://github.com/sparkle-project/Sparkle";
			requirement = {
				kind = upToNextMajorVersion;
				minimumVersion = 2.9.0;
			};
		};
/* End XCRemoteSwiftPackageReference section */

/* Begin XCSwiftPackageProductDependency section */
		A90000000000000000000002 /* Sparkle */ = {
			isa = XCSwiftPackageProductDependency;
			package = A90000000000000000000001 /* XCRemoteSwiftPackageReference "Sparkle" */;
			productName = Sparkle;
		};
/* End XCSwiftPackageProductDependency section */
	};
	rootObject = A60000000000000000000001 /* Project object */;
}
